
Microsoft Visual Studio Solution File, Format Version 12.00
# Visual Studio 15
VisualStudioVersion = 15.0.28307.757
MinimumVisualStudioVersion = 10.0.40219.1
Project("{8BC9CEB8-8B4A-11D0-8D11-00A0C91BC942}") = "OpenCV_Mfc", "OpenCV_Mfc\OpenCV_Mfc.vcxproj", "{8D1F2FFB-7F2A-445A-B856-0F1A7960D0DE}"
EndProject
Global
	GlobalSection(SolutionConfigurationPlatforms) = preSolution
		Debug|x64 = Debug|x64
		Release|x64 = Release|x64
	EndGlobalSection
	GlobalSection(ProjectConfigurationPlatforms) = postSolution
		{8D1F2FFB-7F2A-445A-B856-0F1A7960D0DE}.Debug|x64.ActiveCfg = Debug|x64
		{8D1F2FFB-7F2A-445A-B856-0F1A7960D0DE}.Debug|x64.Build.0 = Debug|x64
		{8D1F2FFB-7F2A-445A-B856-0F1A7960D0DE}.Release|x64.ActiveCfg = Release|x64
		{8D1F2FFB-7F2A-445A-B856-0F1A7960D0DE}.Release|x64.Build.0 = Release|x64
	EndGlobalSection
	GlobalSection(SolutionProperties) = preSolution
		HideSolutionNode = FALSE
	EndGlobalSection
	GlobalSection(ExtensibilityGlobals) = postSolution
		SolutionGuid = {50293D6E-9966-426F-B00F-FA4B18A99348}
	EndGlobalSection
EndGlobal
